
Microsoft Visual Studio Solution File, Format Version 12.00
# Visual Studio Version 17
VisualStudioVersion = 17.14.37012.4 d17.14
MinimumVisualStudioVersion = 10.0.40219.1
Project("{FAE04EC0-301F-11D3-BF4B-00C04F79EFBC}") = "firstpractice", "firstpractice\firstpractice.csproj", "{5873A4E8-B573-482C-AE3B-C477E6B289C9}"
EndProject
Global
	GlobalSection(SolutionConfigurationPlatforms) = preSolution
		Debug|Any CPU = Debug|Any CPU
		Release|Any CPU = Release|Any CPU
	EndGlobalSection
	GlobalSection(ProjectConfigurationPlatforms) = postSolution
		{5873A4E8-B573-482C-AE3B-C477E6B289C9}.Debug|Any CPU.ActiveCfg = Debug|Any CPU
		{5873A4E8-B573-482C-AE3B-C477E6B289C9}.Debug|Any CPU.Build.0 = Debug|Any CPU
		{5873A4E8-B573-482C-AE3B-C477E6B289C9}.Release|Any CPU.ActiveCfg = Release|Any CPU
		{5873A4E8-B573-482C-AE3B-C477E6B289C9}.Release|Any CPU.Build.0 = Release|Any CPU
	EndGlobalSection
	GlobalSection(SolutionProperties) = preSolution
		HideSolutionNode = FALSE
	EndGlobalSection
	GlobalSection(ExtensibilityGlobals) = postSolution
		SolutionGuid = {2EB4FDB7-753E-4999-966D-4EB6ADDF268D}
	EndGlobalSection
EndGlobal
